
Microsoft Visual Studio Solution File, Format Version 12.00
# Visual Studio Version 16
VisualStudioVersion = 25.0.1706.14
MinimumVisualStudioVersion = 10.0.40219.1
Project("{FAE04EC0-301F-11D3-BF4B-00C04F79EFBC}") = "Customer.Api.Client", "Customer.Api.Client\Customer.Api.Client.csproj", "{E89CD6AE-C754-41A8-9CD0-1194D4DC1019}"
EndProject
Global
	GlobalSection(SolutionConfigurationPlatforms) = preSolution
		Debug|Any CPU = Debug|Any CPU
		Release|Any CPU = Release|Any CPU
	EndGlobalSection
	GlobalSection(ProjectConfigurationPlatforms) = postSolution
		{E89CD6AE-C754-41A8-9CD0-1194D4DC1019}.Debug|Any CPU.ActiveCfg = Debug|Any CPU
		{E89CD6AE-C754-41A8-9CD0-1194D4DC1019}.Debug|Any CPU.Build.0 = Debug|Any CPU
		{E89CD6AE-C754-41A8-9CD0-1194D4DC1019}.Release|Any CPU.ActiveCfg = Release|Any CPU
		{E89CD6AE-C754-41A8-9CD0-1194D4DC1019}.Release|Any CPU.Build.0 = Release|Any CPU
	EndGlobalSection
	GlobalSection(SolutionProperties) = preSolution
		HideSolutionNode = FALSE
	EndGlobalSection
	GlobalSection(ExtensibilityGlobals) = postSolution
		SolutionGuid = {08C0B562-D44F-4279-AA27-96EDB37F7862}
	EndGlobalSection
EndGlobal
